# AUTO-GENERATED by SLC - Do not edit
# _meta:origin: claudechic.yml
# _meta:origin_hash: 34a06cbeb15b8025
# _meta:platform: osx-arm64
# _meta:generated: 2026-03-03T19:22:15.135049Z
#
# Original constraints (from spec):
#   python>=3.10,<3.14
#   pip
#   aiofiles>=25.1.0 (pip)
#   aiohttp>=3.9.0 (pip)
#   anthropic>=0.75.0 (pip)
#   claude-agent-sdk>=0.1.19 (pip)
#   psutil>=5.9.0 (pip)
#   pyperclip>=1.11.0 (pip)
#   pyyaml>=6.0 (pip)
#   textual>=7.1.0 (pip)
#   textual-autocomplete>=4.0.6 (pip)
#   -e ../submodules/claudechic (pip)


name: claudechic
channels:
- conda-forge
dependencies:
- bzip2=1.0.8=hd037594_9
- ca-certificates=2026.2.25=hbd8a1cb_0
- icu=78.2=hef89b57_0
- libexpat=2.7.4=hf6b4638_0
- libffi=3.5.2=hcf2aa1b_0
- liblzma=5.8.2=h8088a28_0
- libmpdec=4.0.0=h84a0fba_1
- libsqlite=3.51.2=h1ae2325_0
- libzlib=1.3.1=h8359307_2
- ncurses=6.5=h5e97a16_3
- openssl=3.6.1=hd24854e_1
- pip=26.0.1=pyh145f28c_0
- python=3.13.12=h20e6be0_100_cp313
- python_abi=3.13=8_cp313
- readline=8.3=h46df422_0
- tk=8.6.13=h010d191_3
- tzdata=2025c=hc9c84f9_1
- pip:
  - aiofiles==25.1.0 --hash=sha256:40dbe05424e01c38
  - aiohappyeyeballs==2.6.1 --hash=sha256:9e71f1947445f6b9
  - aiohttp==3.13.3 --hash=sha256:8e550256ad06726c
  - aiosignal==1.4.0 --hash=sha256:cbd4ae98f6a52106
  - annotated-types==0.7.0 --hash=sha256:f7c0160ccf09bebd
  - anthropic==0.84.0 --hash=sha256:301656dc7259391b
  - anyio==4.12.1 --hash=sha256:0d5dfa32ea438f6a
  - attrs==25.4.0 --hash=sha256:af51690e2e69b75c
  - certifi==2026.2.25 --hash=sha256:6388be7a0989d99a
  - cffi==2.0.0 --hash=sha256:2960d54d2d33d581
  - claude-agent-sdk==0.1.45 --hash=sha256:f2297bdac8f0a30a
  - claudechic==0.1.0 --hash=sha256:4c1e97fe035cb8f2
  - click==8.3.1 --hash=sha256:7dbe8bf789797928
  - cryptography==46.0.5 --hash=sha256:745609a5848f3bc1
  - distro==1.9.0 --hash=sha256:be70a0d75b65d354
  - docstring-parser==0.17.0
  - frozenlist==1.8.0 --hash=sha256:f30fdbce8c6f8786
  - h11==0.16.0 --hash=sha256:38f9d4e04b4ffd3b
  - httpcore==1.0.9 --hash=sha256:857d1792fa6969c1
  - httpx==0.28.1 --hash=sha256:72c4f8bd616513d7
  - httpx-sse==0.4.3 --hash=sha256:96c22ebf44f1ed47
  - idna==3.11 --hash=sha256:a83a7c95189068a8
  - jiter==0.13.0 --hash=sha256:73432bb96cdefe57
  - jsonschema==4.26.0 --hash=sha256:ff31142fc57e991a
  - jsonschema-specifications==2025.9.1 --hash=sha256:81556fd7fef103be
  - linkify-it-py==2.1.0 --hash=sha256:315cdf22577f18fb
  - markdown-it-py==4.0.0 --hash=sha256:fd46ac7fc254a6e9
  - mcp==1.26.0 --hash=sha256:feeb479ce2a621c6
  - mdit-py-plugins==0.5.0 --hash=sha256:69d26a39e47c31c3
  - mdurl==0.1.2 --hash=sha256:7ca94a09c9e6beca
  - multidict==6.7.1 --hash=sha256:fc234849c7c16581
  - platformdirs==4.9.2 --hash=sha256:6675ff470ef078fe
  - propcache==0.4.1 --hash=sha256:5519d4f5c24841f8
  - psutil==7.2.2 --hash=sha256:45f2cc88f458d055
  - pycparser==3.0 --hash=sha256:6c2d4fe9905ea5e4
  - pydantic==2.12.5 --hash=sha256:49466972b617c251
  - pydantic-core==2.41.5
  - pydantic-settings==2.13.1 --hash=sha256:4d989f48c65a6cb4
  - pygments==2.19.2
  - pyjwt==2.11.0
  - pyperclip==1.11.0 --hash=sha256:47c850ae9df723b3
  - python-dotenv==1.2.2 --hash=sha256:b6f81e0aaf27383c
  - python-multipart==0.0.22 --hash=sha256:3d14e00a3465212a
  - pyyaml==6.0.3
  - referencing==0.37.0 --hash=sha256:1f000e19b89666ce
  - rich==14.3.3 --hash=sha256:029dd356783c4c66
  - rpds-py==0.30.0 --hash=sha256:d5d7612c60822357
  - sniffio==1.3.1 --hash=sha256:39ac5b0cb05cd024
  - sse-starlette==3.3.2 --hash=sha256:4e207b72cd7ad46a
  - starlette==0.52.1 --hash=sha256:f826c8e84be3fc29
  - textual==8.0.1 --hash=sha256:f7a6a0dc8e9ebb85
  - textual-autocomplete==4.0.6 --hash=sha256:bac738d6ec5b4511
  - typing-extensions==4.15.0
  - typing-inspection==0.4.2 --hash=sha256:0f03ce122a0ee9bb
  - uc-micro-py==2.0.0 --hash=sha256:758b7950a3b3ba13
  - uvicorn==0.41.0 --hash=sha256:2505d12abae44f49
  - yarl==1.23.0 --hash=sha256:bb13857990bcc89c
