# AUTO-GENERATED by SLC - Do not edit
# _meta:origin: claudechic.yml
# _meta:origin_hash: 37c9c4065d0b07b2
# _meta:platform: win-64
# _meta:generated: 2026-03-03T20:45:14.953228Z
#
# Original constraints (from spec):
#   python>=3.10,<3.14
#   pip
#   aiofiles>=25.1.0 (pip)
#   aiohttp>=3.9.0 (pip)
#   anthropic>=0.75.0 (pip)
#   claude-agent-sdk>=0.1.19 (pip)
#   psutil>=5.9.0 (pip)
#   pyperclip>=1.11.0 (pip)
#   pyyaml>=6.0 (pip)
#   textual>=7.1.0 (pip)
#   textual-autocomplete>=4.0.6 (pip)


name: claudechic
channels:
- conda-forge
dependencies:
- bzip2=1.0.8=h0ad9c76_9
- ca-certificates=2026.2.25=h4c7d964_0
- libexpat=2.7.4=hac47afa_0
- libffi=3.5.2=h3d046cb_0
- liblzma=5.8.2=hfd05255_0
- libmpdec=4.0.0=hfd05255_1
- libsqlite=3.51.2=hf5d6505_0
- libzlib=1.3.1=h2466b09_2
- openssl=3.6.1=hf411b9b_1
- pip=26.0.1=pyh145f28c_0
- python=3.13.12=h09917c8_100_cp313
- python_abi=3.13=8_cp313
- tk=8.6.13=h6ed50ae_3
- tzdata=2025c=hc9c84f9_1
- ucrt=10.0.26100.0=h57928b3_0
- vc=14.3=h41ae7f8_34
- vc14_runtime=14.44.35208=h818238b_34
- vcomp14=14.44.35208=h818238b_34
- pip:
  - aiofiles==25.1.0 --hash=sha256:40dbe05424e01c38
  - aiohappyeyeballs==2.6.1 --hash=sha256:9e71f1947445f6b9
  - aiohttp==3.13.3 --hash=sha256:3b4030c414f2f1e0
  - aiosignal==1.4.0 --hash=sha256:cbd4ae98f6a52106
  - annotated-types==0.7.0 --hash=sha256:f7c0160ccf09bebd
  - anthropic==0.84.0 --hash=sha256:301656dc7259391b
  - anyio==4.12.1 --hash=sha256:0d5dfa32ea438f6a
  - attrs==25.4.0 --hash=sha256:af51690e2e69b75c
  - certifi==2026.2.25 --hash=sha256:6388be7a0989d99a
  - cffi==2.0.0 --hash=sha256:2f4cd2b5067c71bd
  - claude-agent-sdk==0.1.45 --hash=sha256:5a3180a44b23d3fa
  - click==8.3.1 --hash=sha256:7dbe8bf789797928
  - colorama==0.4.6 --hash=sha256:a00810cb84172233
  - cryptography==46.0.5 --hash=sha256:3cb7bf0d1c63599c
  - distro==1.9.0 --hash=sha256:83f6290e88dca58d
  - docstring-parser==0.17.0
  - frozenlist==1.8.0 --hash=sha256:4764e7fbdeab7638
  - h11==0.16.0 --hash=sha256:38f9d4e04b4ffd3b
  - httpcore==1.0.9 --hash=sha256:857d1792fa6969c1
  - httpx==0.28.1 --hash=sha256:ced1740abb014e0d
  - httpx-sse==0.4.3 --hash=sha256:96c22ebf44f1ed47
  - idna==3.11 --hash=sha256:a83a7c95189068a8
  - jiter==0.13.0 --hash=sha256:5b343df14c26a4a3
  - jsonschema==4.26.0 --hash=sha256:a11665a3c1c88905
  - jsonschema-specifications==2025.9.1 --hash=sha256:81556fd7fef103be
  - linkify-it-py==2.1.0 --hash=sha256:315cdf22577f18fb
  - markdown-it-py==4.0.0 --hash=sha256:e27f39c272590431
  - mcp==1.26.0 --hash=sha256:f06530b1e5f8c080
  - mdit-py-plugins==0.5.0 --hash=sha256:69d26a39e47c31c3
  - mdurl==0.1.2 --hash=sha256:7ca94a09c9e6beca
  - multidict==6.7.1 --hash=sha256:3c5742b5de7fa2b6
  - platformdirs==4.9.2 --hash=sha256:6675ff470ef078fe
  - propcache==0.4.1 --hash=sha256:9067a2e26f7d86a2
  - psutil==7.2.2 --hash=sha256:608513009f42446f
  - pycparser==3.0 --hash=sha256:6c2d4fe9905ea5e4
  - pydantic==2.12.5 --hash=sha256:49466972b617c251
  - pydantic-core==2.41.5
  - pydantic-settings==2.13.1 --hash=sha256:4d989f48c65a6cb4
  - pygments==2.19.2
  - pyjwt==2.11.0
  - pyperclip==1.11.0 --hash=sha256:47c850ae9df723b3
  - python-dotenv==1.2.2 --hash=sha256:f68c3f00125a2360
  - python-multipart==0.0.22 --hash=sha256:3d14e00a3465212a
  - pywin32==311 --hash=sha256:59b336f601ac5b6e
  - pyyaml==6.0.3
  - referencing==0.37.0 --hash=sha256:1f000e19b89666ce
  - rich==14.3.3 --hash=sha256:029dd356783c4c66
  - rpds-py==0.30.0 --hash=sha256:5ae8505f83e32be7
  - sniffio==1.3.1 --hash=sha256:39ac5b0cb05cd024
  - sse-starlette==3.3.2 --hash=sha256:4e207b72cd7ad46a
  - starlette==0.52.1 --hash=sha256:f826c8e84be3fc29
  - textual==8.0.2 --hash=sha256:45fec2263d6d5a2e
  - textual-autocomplete==4.0.6 --hash=sha256:bac738d6ec5b4511
  - typing-extensions==4.15.0
  - typing-inspection==0.4.2 --hash=sha256:0f03ce122a0ee9bb
  - uc-micro-py==2.0.0 --hash=sha256:758b7950a3b3ba13
  - uvicorn==0.41.0 --hash=sha256:7bcbd49ee59633d6
  - yarl==1.23.0 --hash=sha256:d9a4073e6b478666
